
Microsoft Visual Studio Solution File, Format Version 12.00
# Visual Studio Version 17
VisualStudioVersion = 17.14.36212.18 d17.14
MinimumVisualStudioVersion = 10.0.40219.1
Project("{FAE04EC0-301F-11D3-BF4B-00C04F79EFBC}") = "Snake", "Snake\Snake.csproj", "{8429D619-D4C1-40B6-8B3F-A7F50E5F8399}"
EndProject
Global
	GlobalSection(SolutionConfigurationPlatforms) = preSolution
		Debug|Any CPU = Debug|Any CPU
		Release|Any CPU = Release|Any CPU
	EndGlobalSection
	GlobalSection(ProjectConfigurationPlatforms) = postSolution
		{8429D619-D4C1-40B6-8B3F-A7F50E5F8399}.Debug|Any CPU.ActiveCfg = Debug|Any CPU
		{8429D619-D4C1-40B6-8B3F-A7F50E5F8399}.Debug|Any CPU.Build.0 = Debug|Any CPU
		{8429D619-D4C1-40B6-8B3F-A7F50E5F8399}.Release|Any CPU.ActiveCfg = Release|Any CPU
		{8429D619-D4C1-40B6-8B3F-A7F50E5F8399}.Release|Any CPU.Build.0 = Release|Any CPU
	EndGlobalSection
	GlobalSection(SolutionProperties) = preSolution
		HideSolutionNode = FALSE
	EndGlobalSection
	GlobalSection(ExtensibilityGlobals) = postSolution
		SolutionGuid = {AB19B6A8-D89E-45E2-8FED-20DDB3EF0655}
	EndGlobalSection
EndGlobal
